PODS:
  - FSCalendar (2.7.9)
  - IQKeyboardManagerSwift (5.0.7)
  - PGDatePicker (2.4.4):
    - PGPickerView
  - PGPickerView (1.2.6)
  - Segmentio (3.0)

DEPENDENCIES:
  - FSCalendar
  - IQKeyboardManagerSwift
  - PGDatePicker
  - Segmentio (~> 3.0)

SPEC REPOS:
  https://github.com/cocoapods/specs.git:
    - FSCalendar
    - IQKeyboardManagerSwift
    - PGDatePicker
    - PGPickerView
    - Segmentio

SPEC CHECKSUMS:
  FSCalendar: a04b09f16f811bc92e82f3cf852a15225233b9d5
  IQKeyboardManagerSwift: 30fb3a61de1af53a95e02b80fb54ed0a19d5ede5
  PGDatePicker: abe5103a83ce1f99e588308f8e39ae0b65d7c162
  PGPickerView: 8fbbf63d0404065a43a495a0115d339455e0f819
  Segmentio: 1607fba3b42230f5f91e997d1a3f337f1176674c

PODFILE CHECKSUM: 9bac1424a340aff96dbfa5c23da4d2e3fede61ae

COCOAPODS: 1.5.2
