// !$*UTF8*$!
{
	archiveVersion = 1;
	classes = {
	};
	objectVersion = 46;
	objects = {

/* Begin PBXBuildFile section */
		220DAD161F33029E0005867C /* JLLocalNotificationManager.swift in Sources */ = {isa = PBXBuildFile; fileRef = 220DAD151F33029E0005867C /* JLLocalNotificationManager.swift */; };
		2270E8DD1F301CD200979959 /* AppDelegate.swift in Sources */ = {isa = PBXBuildFile; fileRef = 2270E8DC1F301CD200979959 /* AppDelegate.swift */; };
		2270E8E61F301CD200979959 /* Assets.xcassets in Resources */ = {isa = PBXBuildFile; fileRef = 2270E8E51F301CD200979959 /* Assets.xcassets */; };
		2270E8E91F301CD300979959 /* LaunchScreen.storyboard in Resources */ = {isa = PBXBuildFile; fileRef = 2270E8E71F301CD200979959 /* LaunchScreen.storyboard */; };
		2270E8F41F301CD300979959 /* JLAlarmClockTests.swift in Sources */ = {isa = PBXBuildFile; fileRef = 2270E8F31F301CD300979959 /* JLAlarmClockTests.swift */; };
		2270E8FF1F301CD300979959 /* JLAlarmClockUITests.swift in Sources */ = {isa = PBXBuildFile; fileRef = 2270E8FE1F301CD300979959 /* JLAlarmClockUITests.swift */; };
		228024272025617E00AF9CD8 /* JLBaseViewController.swift in Sources */ = {isa = PBXBuildFile; fileRef = 228024262025617E00AF9CD8 /* JLBaseViewController.swift */; };
		22802429202561BD00AF9CD8 /* JLBaseTableViewController.swift in Sources */ = {isa = PBXBuildFile; fileRef = 22802428202561BD00AF9CD8 /* JLBaseTableViewController.swift */; };
		2280242B202561E700AF9CD8 /* JLBaseTabBarController.swift in Sources */ = {isa = PBXBuildFile; fileRef = 2280242A202561E700AF9CD8 /* JLBaseTabBarController.swift */; };
		22926FA9208E11A8004E9DDE /* JLAlarmClockInputTitleViewController.swift in Sources */ = {isa = PBXBuildFile; fileRef = 22926FA8208E11A8004E9DDE /* JLAlarmClockInputTitleViewController.swift */; };
		22926FAB208E11D6004E9DDE /* JLAlarmClockInputContentViewController.swift in Sources */ = {isa = PBXBuildFile; fileRef = 22926FAA208E11D6004E9DDE /* JLAlarmClockInputContentViewController.swift */; };
		22960B56209C98BC00960C8B /* InfoPlist.strings in Resources */ = {isa = PBXBuildFile; fileRef = 22960B58209C98BC00960C8B /* InfoPlist.strings */; };
		22BBAA911F42967C00242E50 /* JLAlarmClockSettingTableViewController.swift in Sources */ = {isa = PBXBuildFile; fileRef = 22BBAA8C1F42967C00242E50 /* JLAlarmClockSettingTableViewController.swift */; };
		22BBAA921F42967C00242E50 /* JLAlarmClockTableViewCell.swift in Sources */ = {isa = PBXBuildFile; fileRef = 22BBAA8D1F42967C00242E50 /* JLAlarmClockTableViewCell.swift */; };
		22BBAA931F42967C00242E50 /* JLAlarmClockTableViewController.swift in Sources */ = {isa = PBXBuildFile; fileRef = 22BBAA8E1F42967C00242E50 /* JLAlarmClockTableViewController.swift */; };
		22BBAA941F42967C00242E50 /* JLCalendarTableViewController.swift in Sources */ = {isa = PBXBuildFile; fileRef = 22BBAA901F42967C00242E50 /* JLCalendarTableViewController.swift */; };
		22BBAA9A1F42EA8F00242E50 /* JLExtensionSwift.swift in Sources */ = {isa = PBXBuildFile; fileRef = 22BBAA991F42EA8F00242E50 /* JLExtensionSwift.swift */; };
		22C8C15320282DEB004439AA /* JLAlarmClockRepeatTableViewController.swift in Sources */ = {isa = PBXBuildFile; fileRef = 22C8C15220282DEB004439AA /* JLAlarmClockRepeatTableViewController.swift */; };
		22C8C15520293218004439AA /* JLSQLiteManager.swift in Sources */ = {isa = PBXBuildFile; fileRef = 22C8C15420293218004439AA /* JLSQLiteManager.swift */; };
		22C8C15720294D5E004439AA /* libsqlite3.tbd in Frameworks */ = {isa = PBXBuildFile; fileRef = 22C8C15620294D5E004439AA /* libsqlite3.tbd */; };
		22C8C159202C4896004439AA /* JLAlarmClockManager.swift in Sources */ = {isa = PBXBuildFile; fileRef = 22C8C158202C4896004439AA /* JLAlarmClockManager.swift */; };
		CBD7D3AFC3214DB814DBD0C1 /* Pods_JLAlarmClock.framework in Frameworks */ = {isa = PBXBuildFile; fileRef = 38CB23FA1D7DE612B6E96CA9 /* Pods_JLAlarmClock.framework */; };
/* End PBXBuildFile section */

/* Begin PBXContainerItemProxy section */
		2270E8F01F301CD300979959 /* PBXContainerItemProxy */ = {
			isa = PBXContainerItemProxy;
			containerPortal = 2270E8D11F301CD200979959 /* Project object */;
			proxyType = 1;
			remoteGlobalIDString = 2270E8D81F301CD200979959;
			remoteInfo = JLAlarmClock;
		};
		2270E8FB1F301CD300979959 /* PBXContainerItemProxy */ = {
			isa = PBXContainerItemProxy;
			containerPortal = 2270E8D11F301CD200979959 /* Project object */;
			proxyType = 1;
			remoteGlobalIDString = 2270E8D81F301CD200979959;
			remoteInfo = JLAlarmClock;
		};
/* End PBXContainerItemProxy section */

/* Begin PBXFileReference section */
		220DAD151F33029E0005867C /* JLLocalNotificationManager.swift */ = {isa = PBXFileReference; fileEncoding = 4; lastKnownFileType = sourcecode.swift; path = JLLocalNotificationManager.swift; sourceTree = "<group>"; };
		2270E8D91F301CD200979959 /* JLAlarmClock.app */ = {isa = PBXFileReference; explicitFileType = wrapper.application; includeInIndex = 0; path = JLAlarmClock.app; sourceTree = BUILT_PRODUCTS_DIR; };
		2270E8DC1F301CD200979959 /* AppDelegate.swift */ = {isa = PBXFileReference; lastKnownFileType = sourcecode.swift; path = AppDelegate.swift; sourceTree = "<group>"; };
		2270E8E51F301CD200979959 /* Assets.xcassets */ = {isa = PBXFileReference; lastKnownFileType = folder.assetcatalog; path = Assets.xcassets; sourceTree = "<group>"; };
		2270E8E81F301CD200979959 /* Base */ = {isa = PBXFileReference; lastKnownFileType = file.storyboard; name = Base; path = Base.lproj/LaunchScreen.storyboard; sourceTree = "<group>"; };
		2270E8EA1F301CD300979959 /* Info.plist */ = {isa = PBXFileReference; lastKnownFileType = text.plist.xml; path = Info.plist; sourceTree = "<group>"; };
		2270E8EF1F301CD300979959 /* JLAlarmClockTests.xctest */ = {isa = PBXFileReference; explicitFileType = wrapper.cfbundle; includeInIndex = 0; path = JLAlarmClockTests.xctest; sourceTree = BUILT_PRODUCTS_DIR; };
		2270E8F31F301CD300979959 /* JLAlarmClockTests.swift */ = {isa = PBXFileReference; lastKnownFileType = sourcecode.swift; path = JLAlarmClockTests.swift; sourceTree = "<group>"; };
		2270E8F51F301CD300979959 /* Info.plist */ = {isa = PBXFileReference; lastKnownFileType = text.plist.xml; path = Info.plist; sourceTree = "<group>"; };
		2270E8FA1F301CD300979959 /* JLAlarmClockUITests.xctest */ = {isa = PBXFileReference; explicitFileType = wrapper.cfbundle; includeInIndex = 0; path = JLAlarmClockUITests.xctest; sourceTree = BUILT_PRODUCTS_DIR; };
		2270E8FE1F301CD300979959 /* JLAlarmClockUITests.swift */ = {isa = PBXFileReference; lastKnownFileType = sourcecode.swift; path = JLAlarmClockUITests.swift; sourceTree = "<group>"; };
		2270E9001F301CD300979959 /* Info.plist */ = {isa = PBXFileReference; lastKnownFileType = text.plist.xml; path = Info.plist; sourceTree = "<group>"; };
		228024262025617E00AF9CD8 /* JLBaseViewController.swift */ = {isa = PBXFileReference; lastKnownFileType = sourcecode.swift; path = JLBaseViewController.swift; sourceTree = "<group>"; };
		22802428202561BD00AF9CD8 /* JLBaseTableViewController.swift */ = {isa = PBXFileReference; lastKnownFileType = sourcecode.swift; path = JLBaseTableViewController.swift; sourceTree = "<group>"; };
		2280242A202561E700AF9CD8 /* JLBaseTabBarController.swift */ = {isa = PBXFileReference; lastKnownFileType = sourcecode.swift; path = JLBaseTabBarController.swift; sourceTree = "<group>"; };
		22926FA8208E11A8004E9DDE /* JLAlarmClockInputTitleViewController.swift */ = {isa = PBXFileReference; lastKnownFileType = sourcecode.swift; path = JLAlarmClockInputTitleViewController.swift; sourceTree = "<group>"; };
		22926FAA208E11D6004E9DDE /* JLAlarmClockInputContentViewController.swift */ = {isa = PBXFileReference; lastKnownFileType = sourcecode.swift; path = JLAlarmClockInputContentViewController.swift; sourceTree = "<group>"; };
		22960B57209C98BC00960C8B /* en */ = {isa = PBXFileReference; lastKnownFileType = text.plist.strings; name = en; path = en.lproj/InfoPlist.strings; sourceTree = "<group>"; };
		22960B59209C98D900960C8B /* zh-Hans */ = {isa = PBXFileReference; lastKnownFileType = text.plist.strings; name = "zh-Hans"; path = "zh-Hans.lproj/InfoPlist.strings"; sourceTree = "<group>"; };
		22960B5A209C98E100960C8B /* zh-Hant */ = {isa = PBXFileReference; lastKnownFileType = text.plist.strings; name = "zh-Hant"; path = "zh-Hant.lproj/InfoPlist.strings"; sourceTree = "<group>"; };
		22BBAA8C1F42967C00242E50 /* JLAlarmClockSettingTableViewController.swift */ = {isa = PBXFileReference; fileEncoding = 4; lastKnownFileType = sourcecode.swift; path = JLAlarmClockSettingTableViewController.swift; sourceTree = "<group>"; };
		22BBAA8D1F42967C00242E50 /* JLAlarmClockTableViewCell.swift */ = {isa = PBXFileReference; fileEncoding = 4; lastKnownFileType = sourcecode.swift; path = JLAlarmClockTableViewCell.swift; sourceTree = "<group>"; };
		22BBAA8E1F42967C00242E50 /* JLAlarmClockTableViewController.swift */ = {isa = PBXFileReference; fileEncoding = 4; lastKnownFileType = sourcecode.swift; path = JLAlarmClockTableViewController.swift; sourceTree = "<group>"; };
		22BBAA901F42967C00242E50 /* JLCalendarTableViewController.swift */ = {isa = PBXFileReference; fileEncoding = 4; lastKnownFileType = sourcecode.swift; path = JLCalendarTableViewController.swift; sourceTree = "<group>"; };
		22BBAA951F42E0BA00242E50 /* JLAlarmClock-Bridging-Header.h */ = {isa = PBXFileReference; lastKnownFileType = sourcecode.c.h; path = "JLAlarmClock-Bridging-Header.h"; sourceTree = "<group>"; };
		22BBAA991F42EA8F00242E50 /* JLExtensionSwift.swift */ = {isa = PBXFileReference; fileEncoding = 4; lastKnownFileType = sourcecode.swift; path = JLExtensionSwift.swift; sourceTree = "<group>"; };
		22C8C15220282DEB004439AA /* JLAlarmClockRepeatTableViewController.swift */ = {isa = PBXFileReference; lastKnownFileType = sourcecode.swift; path = JLAlarmClockRepeatTableViewController.swift; sourceTree = "<group>"; };
		22C8C15420293218004439AA /* JLSQLiteManager.swift */ = {isa = PBXFileReference; lastKnownFileType = sourcecode.swift; path = JLSQLiteManager.swift; sourceTree = "<group>"; };
		22C8C15620294D5E004439AA /* libsqlite3.tbd */ = {isa = PBXFileReference; lastKnownFileType = "sourcecode.text-based-dylib-definition"; name = libsqlite3.tbd; path = usr/lib/libsqlite3.tbd; sourceTree = SDKROOT; };
		22C8C158202C4896004439AA /* JLAlarmClockManager.swift */ = {isa = PBXFileReference; lastKnownFileType = sourcecode.swift; path = JLAlarmClockManager.swift; sourceTree = "<group>"; };
		38CB23FA1D7DE612B6E96CA9 /* Pods_JLAlarmClock.framework */ = {isa = PBXFileReference; explicitFileType = wrapper.framework; includeInIndex = 0; path = Pods_JLAlarmClock.framework; sourceTree = BUILT_PRODUCTS_DIR; };
		4835C135DC0FB60060F0B5EF /* Pods-JLAlarmClock.debug.xcconfig */ = {isa = PBXFileReference; includeInIndex = 1; lastKnownFileType = text.xcconfig; name = "Pods-JLAlarmClock.debug.xcconfig"; path = "Pods/Target Support Files/Pods-JLAlarmClock/Pods-JLAlarmClock.debug.xcconfig"; sourceTree = "<group>"; };
		CE764E10CECF6EF14E2E3EA7 /* Pods-JLAlarmClock.release.xcconfig */ = {isa = PBXFileReference; includeInIndex = 1; lastKnownFileType = text.xcconfig; name = "Pods-JLAlarmClock.release.xcconfig"; path = "Pods/Target Support Files/Pods-JLAlarmClock/Pods-JLAlarmClock.release.xcconfig"; sourceTree = "<group>"; };
/* End PBXFileReference section */

/* Begin PBXFrameworksBuildPhase section */
		2270E8D61F301CD200979959 /* Frameworks */ = {
			isa = PBXFrameworksBuildPhase;
			buildActionMask = 2147483647;
			files = (
				22C8C15720294D5E004439AA /* libsqlite3.tbd in Frameworks */,
				CBD7D3AFC3214DB814DBD0C1 /* Pods_JLAlarmClock.framework in Frameworks */,
			);
			runOnlyForDeploymentPostprocessing = 0;
		};
		2270E8EC1F301CD300979959 /* Frameworks */ = {
			isa = PBXFrameworksBuildPhase;
			buildActionMask = 2147483647;
			files = (
			);
			runOnlyForDeploymentPostprocessing = 0;
		};
		2270E8F71F301CD300979959 /* Frameworks */ = {
			isa = PBXFrameworksBuildPhase;
			buildActionMask = 2147483647;
			files = (
			);
			runOnlyForDeploymentPostprocessing = 0;
		};
/* End PBXFrameworksBuildPhase section */

/* Begin PBXGroup section */
		1C1BE3E337202F7CD03FC1E7 /* Pods */ = {
			isa = PBXGroup;
			children = (
				4835C135DC0FB60060F0B5EF /* Pods-JLAlarmClock.debug.xcconfig */,
				CE764E10CECF6EF14E2E3EA7 /* Pods-JLAlarmClock.release.xcconfig */,
			);
			name = Pods;
			sourceTree = "<group>";
		};
		2270E8D01F301CD200979959 = {
			isa = PBXGroup;
			children = (
				2270E8DB1F301CD200979959 /* JLAlarmClock */,
				2270E8F21F301CD300979959 /* JLAlarmClockTests */,
				2270E8FD1F301CD300979959 /* JLAlarmClockUITests */,
				2270E8DA1F301CD200979959 /* Products */,
				1C1BE3E337202F7CD03FC1E7 /* Pods */,
				A3AF0336DE323EA08A60221D /* Frameworks */,
			);
			sourceTree = "<group>";
		};
		2270E8DA1F301CD200979959 /* Products */ = {
			isa = PBXGroup;
			children = (
				2270E8D91F301CD200979959 /* JLAlarmClock.app */,
				2270E8EF1F301CD300979959 /* JLAlarmClockTests.xctest */,
				2270E8FA1F301CD300979959 /* JLAlarmClockUITests.xctest */,
			);
			name = Products;
			sourceTree = "<group>";
		};
		2270E8DB1F301CD200979959 /* JLAlarmClock */ = {
			isa = PBXGroup;
			children = (
				228024252025615300AF9CD8 /* Base */,
				22BBAA991F42EA8F00242E50 /* JLExtensionSwift.swift */,
				22C8C15420293218004439AA /* JLSQLiteManager.swift */,
				22C8C158202C4896004439AA /* JLAlarmClockManager.swift */,
				220DAD151F33029E0005867C /* JLLocalNotificationManager.swift */,
				2270E8DC1F301CD200979959 /* AppDelegate.swift */,
				22BBAA8B1F42967C00242E50 /* AlarmClock */,
				22BBAA8F1F42967C00242E50 /* Calendar */,
				2270E8E51F301CD200979959 /* Assets.xcassets */,
				2270E8E71F301CD200979959 /* LaunchScreen.storyboard */,
				2270E8EA1F301CD300979959 /* Info.plist */,
				22BBAA951F42E0BA00242E50 /* JLAlarmClock-Bridging-Header.h */,
				22960B58209C98BC00960C8B /* InfoPlist.strings */,
			);
			path = JLAlarmClock;
			sourceTree = "<group>";
		};
		2270E8F21F301CD300979959 /* JLAlarmClockTests */ = {
			isa = PBXGroup;
			children = (
				2270E8F31F301CD300979959 /* JLAlarmClockTests.swift */,
				2270E8F51F301CD300979959 /* Info.plist */,
			);
			path = JLAlarmClockTests;
			sourceTree = "<group>";
		};
		2270E8FD1F301CD300979959 /* JLAlarmClockUITests */ = {
			isa = PBXGroup;
			children = (
				2270E8FE1F301CD300979959 /* JLAlarmClockUITests.swift */,
				2270E9001F301CD300979959 /* Info.plist */,
			);
			path = JLAlarmClockUITests;
			sourceTree = "<group>";
		};
		228024252025615300AF9CD8 /* Base */ = {
			isa = PBXGroup;
			children = (
				228024262025617E00AF9CD8 /* JLBaseViewController.swift */,
				22802428202561BD00AF9CD8 /* JLBaseTableViewController.swift */,
				2280242A202561E700AF9CD8 /* JLBaseTabBarController.swift */,
			);
			path = Base;
			sourceTree = "<group>";
		};
		22BBAA8B1F42967C00242E50 /* AlarmClock */ = {
			isa = PBXGroup;
			children = (
				22BBAA8D1F42967C00242E50 /* JLAlarmClockTableViewCell.swift */,
				22BBAA8E1F42967C00242E50 /* JLAlarmClockTableViewController.swift */,
				22BBAA8C1F42967C00242E50 /* JLAlarmClockSettingTableViewController.swift */,
				22C8C15220282DEB004439AA /* JLAlarmClockRepeatTableViewController.swift */,
				22926FA8208E11A8004E9DDE /* JLAlarmClockInputTitleViewController.swift */,
				22926FAA208E11D6004E9DDE /* JLAlarmClockInputContentViewController.swift */,
			);
			path = AlarmClock;
			sourceTree = "<group>";
		};
		22BBAA8F1F42967C00242E50 /* Calendar */ = {
			isa = PBXGroup;
			children = (
				22BBAA901F42967C00242E50 /* JLCalendarTableViewController.swift */,
			);
			path = Calendar;
			sourceTree = "<group>";
		};
		A3AF0336DE323EA08A60221D /* Frameworks */ = {
			isa = PBXGroup;
			children = (
				22C8C15620294D5E004439AA /* libsqlite3.tbd */,
				38CB23FA1D7DE612B6E96CA9 /* Pods_JLAlarmClock.framework */,
			);
			name = Frameworks;
			sourceTree = "<group>";
		};
/* End PBXGroup section */

/* Begin PBXNativeTarget section */
		2270E8D81F301CD200979959 /* JLAlarmClock */ = {
			isa = PBXNativeTarget;
			buildConfigurationList = 2270E9031F301CD300979959 /* Build configuration list for PBXNativeTarget "JLAlarmClock" */;
			buildPhases = (
				CC0CB03FF3B2E2BF2E164BCC /* [CP] Check Pods Manifest.lock */,
				2270E8D51F301CD200979959 /* Sources */,
				2270E8D61F301CD200979959 /* Frameworks */,
				2270E8D71F301CD200979959 /* Resources */,
				02DFF2C7BFE7B20B4B0EF2E8 /* [CP] Embed Pods Frameworks */,
				6CEF506DC8913104B077C3CD /* [CP] Copy Pods Resources */,
			);
			buildRules = (
			);
			dependencies = (
			);
			name = JLAlarmClock;
			productName = JLAlarmClock;
			productReference = 2270E8D91F301CD200979959 /* JLAlarmClock.app */;
			productType = "com.apple.product-type.application";
		};
		2270E8EE1F301CD300979959 /* JLAlarmClockTests */ = {
			isa = PBXNativeTarget;
			buildConfigurationList = 2270E9061F301CD300979959 /* Build configuration list for PBXNativeTarget "JLAlarmClockTests" */;
			buildPhases = (
				2270E8EB1F301CD300979959 /* Sources */,
				2270E8EC1F301CD300979959 /* Frameworks */,
				2270E8ED1F301CD300979959 /* Resources */,
			);
			buildRules = (
			);
			dependencies = (
				2270E8F11F301CD300979959 /* PBXTargetDependency */,
			);
			name = JLAlarmClockTests;
			productName = JLAlarmClockTests;
			productReference = 2270E8EF1F301CD300979959 /* JLAlarmClockTests.xctest */;
			productType = "com.apple.product-type.bundle.unit-test";
		};
		2270E8F91F301CD300979959 /* JLAlarmClockUITests */ = {
			isa = PBXNativeTarget;
			buildConfigurationList = 2270E9091F301CD300979959 /* Build configuration list for PBXNativeTarget "JLAlarmClockUITests" */;
			buildPhases = (
				2270E8F61F301CD300979959 /* Sources */,
				2270E8F71F301CD300979959 /* Frameworks */,
				2270E8F81F301CD300979959 /* Resources */,
			);
			buildRules = (
			);
			dependencies = (
				2270E8FC1F301CD300979959 /* PBXTargetDependency */,
			);
			name = JLAlarmClockUITests;
			productName = JLAlarmClockUITests;
			productReference = 2270E8FA1F301CD300979959 /* JLAlarmClockUITests.xctest */;
			productType = "com.apple.product-type.bundle.ui-testing";
		};
/* End PBXNativeTarget section */

/* Begin PBXProject section */
		2270E8D11F301CD200979959 /* Project object */ = {
			isa = PBXProject;
			attributes = {
				LastSwiftUpdateCheck = 0830;
				LastUpgradeCheck = 0930;
				ORGANIZATIONNAME = JasonLiu;
				TargetAttributes = {
					2270E8D81F301CD200979959 = {
						CreatedOnToolsVersion = 8.3.2;
						DevelopmentTeam = MVU5F37333;
						LastSwiftMigration = 0920;
						ProvisioningStyle = Automatic;
					};
					2270E8EE1F301CD300979959 = {
						CreatedOnToolsVersion = 8.3.2;
						LastSwiftMigration = 0920;
						ProvisioningStyle = Automatic;
						TestTargetID = 2270E8D81F301CD200979959;
					};
					2270E8F91F301CD300979959 = {
						CreatedOnToolsVersion = 8.3.2;
						LastSwiftMigration = 0920;
						ProvisioningStyle = Automatic;
						TestTargetID = 2270E8D81F301CD200979959;
					};
				};
			};
			buildConfigurationList = 2270E8D41F301CD200979959 /* Build configuration list for PBXProject "JLAlarmClock" */;
			compatibilityVersion = "Xcode 3.2";
			developmentRegion = English;
			hasScannedForEncodings = 0;
			knownRegions = (
				en,
				Base,
				"zh-Hans",
				"zh-Hant",
			);
			mainGroup = 2270E8D01F301CD200979959;
			productRefGroup = 2270E8DA1F301CD200979959 /* Products */;
			projectDirPath = "";
			projectRoot = "";
			targets = (
				2270E8D81F301CD200979959 /* JLAlarmClock */,
				2270E8EE1F301CD300979959 /* JLAlarmClockTests */,
				2270E8F91F301CD300979959 /* JLAlarmClockUITests */,
			);
		};
/* End PBXProject section */

/* Begin PBXResourcesBuildPhase section */
		2270E8D71F301CD200979959 /* Resources */ = {
			isa = PBXResourcesBuildPhase;
			buildActionMask = 2147483647;
			files = (
				2270E8E91F301CD300979959 /* LaunchScreen.storyboard in Resources */,
				22960B56209C98BC00960C8B /* InfoPlist.strings in Resources */,
				2270E8E61F301CD200979959 /* Assets.xcassets in Resources */,
			);
			runOnlyForDeploymentPostprocessing = 0;
		};
		2270E8ED1F301CD300979959 /* Resources */ = {
			isa = PBXResourcesBuildPhase;
			buildActionMask = 2147483647;
			files = (
			);
			runOnlyForDeploymentPostprocessing = 0;
		};
		2270E8F81F301CD300979959 /* Resources */ = {
			isa = PBXResourcesBuildPhase;
			buildActionMask = 2147483647;
			files = (
			);
			runOnlyForDeploymentPostprocessing = 0;
		};
/* End PBXResourcesBuildPhase section */

/* Begin PBXShellScriptBuildPhase section */
		02DFF2C7BFE7B20B4B0EF2E8 /* [CP] Embed Pods Frameworks */ = {
			isa = PBXShellScriptBuildPhase;
			buildActionMask = 2147483647;
			files = (
			);
			inputPaths = (
				"${SRCROOT}/Pods/Target Support Files/Pods-JLAlarmClock/Pods-JLAlarmClock-frameworks.sh",
				"${BUILT_PRODUCTS_DIR}/FSCalendar/FSCalendar.framework",
				"${BUILT_PRODUCTS_DIR}/IQKeyboardManagerSwift/IQKeyboardManagerSwift.framework",
				"${BUILT_PRODUCTS_DIR}/PGDatePicker/PGDatePicker.framework",
				"${BUILT_PRODUCTS_DIR}/PGPickerView/PGPickerView.framework",
			);
			name = "[CP] Embed Pods Frameworks";
			outputPaths = (
				"${TARGET_BUILD_DIR}/${FRAMEWORKS_FOLDER_PATH}/FSCalendar.framework",
				"${TARGET_BUILD_DIR}/${FRAMEWORKS_FOLDER_PATH}/IQKeyboardManagerSwift.framework",
				"${TARGET_BUILD_DIR}/${FRAMEWORKS_FOLDER_PATH}/PGDatePicker.framework",
				"${TARGET_BUILD_DIR}/${FRAMEWORKS_FOLDER_PATH}/PGPickerView.framework",
			);
			runOnlyForDeploymentPostprocessing = 0;
			shellPath = /bin/sh;
			shellScript = "\"${SRCROOT}/Pods/Target Support Files/Pods-JLAlarmClock/Pods-JLAlarmClock-frameworks.sh\"\n";
			showEnvVarsInLog = 0;
		};
		6CEF506DC8913104B077C3CD /* [CP] Copy Pods Resources */ = {
			isa = PBXShellScriptBuildPhase;
			buildActionMask = 2147483647;
			files = (
			);
			inputPaths = (
			);
			name = "[CP] Copy Pods Resources";
			outputPaths = (
			);
			runOnlyForDeploymentPostprocessing = 0;
			shellPath = /bin/sh;
			shellScript = "\"${SRCROOT}/Pods/Target Support Files/Pods-JLAlarmClock/Pods-JLAlarmClock-resources.sh\"\n";
			showEnvVarsInLog = 0;
		};
		CC0CB03FF3B2E2BF2E164BCC /* [CP] Check Pods Manifest.lock */ = {
			isa = PBXShellScriptBuildPhase;
			buildActionMask = 2147483647;
			files = (
			);
			inputPaths = (
				"${PODS_PODFILE_DIR_PATH}/Podfile.lock",
				"${PODS_ROOT}/Manifest.lock",
			);
			name = "[CP] Check Pods Manifest.lock";
			outputPaths = (
				"$(DERIVED_FILE_DIR)/Pods-JLAlarmClock-checkManifestLockResult.txt",
			);
			runOnlyForDeploymentPostprocessing = 0;
			shellPath = /bin/sh;
			shellScript = "diff \"${PODS_PODFILE_DIR_PATH}/Podfile.lock\" \"${PODS_ROOT}/Manifest.lock\" > /dev/null\nif [ $? != 0 ] ; then\n    # print error to STDERR\n    echo \"error: The sandbox is not in sync with the Podfile.lock. Run 'pod install' or update your CocoaPods installation.\" >&2\n    exit 1\nfi\n# This output is used by Xcode 'outputs' to avoid re-running this script phase.\necho \"SUCCESS\" > \"${SCRIPT_OUTPUT_FILE_0}\"\n";
			showEnvVarsInLog = 0;
		};
/* End PBXShellScriptBuildPhase section */

/* Begin PBXSourcesBuildPhase section */
		2270E8D51F301CD200979959 /* Sources */ = {
			isa = PBXSourcesBuildPhase;
			buildActionMask = 2147483647;
			files = (
				22802429202561BD00AF9CD8 /* JLBaseTableViewController.swift in Sources */,
				220DAD161F33029E0005867C /* JLLocalNotificationManager.swift in Sources */,
				2270E8DD1F301CD200979959 /* AppDelegate.swift in Sources */,
				22BBAA921F42967C00242E50 /* JLAlarmClockTableViewCell.swift in Sources */,
				22BBAA941F42967C00242E50 /* JLCalendarTableViewController.swift in Sources */,
				22BBAA931F42967C00242E50 /* JLAlarmClockTableViewController.swift in Sources */,
				22C8C15320282DEB004439AA /* JLAlarmClockRepeatTableViewController.swift in Sources */,
				22BBAA9A1F42EA8F00242E50 /* JLExtensionSwift.swift in Sources */,
				2280242B202561E700AF9CD8 /* JLBaseTabBarController.swift in Sources */,
				22BBAA911F42967C00242E50 /* JLAlarmClockSettingTableViewController.swift in Sources */,
				228024272025617E00AF9CD8 /* JLBaseViewController.swift in Sources */,
				22926FA9208E11A8004E9DDE /* JLAlarmClockInputTitleViewController.swift in Sources */,
				22C8C15520293218004439AA /* JLSQLiteManager.swift in Sources */,
				22926FAB208E11D6004E9DDE /* JLAlarmClockInputContentViewController.swift in Sources */,
				22C8C159202C4896004439AA /* JLAlarmClockManager.swift in Sources */,
			);
			runOnlyForDeploymentPostprocessing = 0;
		};
		2270E8EB1F301CD300979959 /* Sources */ = {
			isa = PBXSourcesBuildPhase;
			buildActionMask = 2147483647;
			files = (
				2270E8F41F301CD300979959 /* JLAlarmClockTests.swift in Sources */,
			);
			runOnlyForDeploymentPostprocessing = 0;
		};
		2270E8F61F301CD300979959 /* Sources */ = {
			isa = PBXSourcesBuildPhase;
			buildActionMask = 2147483647;
			files = (
				2270E8FF1F301CD300979959 /* JLAlarmClockUITests.swift in Sources */,
			);
			runOnlyForDeploymentPostprocessing = 0;
		};
/* End PBXSourcesBuildPhase section */

/* Begin PBXTargetDependency section */
		2270E8F11F301CD300979959 /* PBXTargetDependency */ = {
			isa = PBXTargetDependency;
			target = 2270E8D81F301CD200979959 /* JLAlarmClock */;
			targetProxy = 2270E8F01F301CD300979959 /* PBXContainerItemProxy */;
		};
		2270E8FC1F301CD300979959 /* PBXTargetDependency */ = {
			isa = PBXTargetDependency;
			target = 2270E8D81F301CD200979959 /* JLAlarmClock */;
			targetProxy = 2270E8FB1F301CD300979959 /* PBXContainerItemProxy */;
		};
/* End PBXTargetDependency section */

/* Begin PBXVariantGroup section */
		2270E8E71F301CD200979959 /* LaunchScreen.storyboard */ = {
			isa = PBXVariantGroup;
			children = (
				2270E8E81F301CD200979959 /* Base */,
			);
			name = LaunchScreen.storyboard;
			sourceTree = "<group>";
		};
		22960B58209C98BC00960C8B /* InfoPlist.strings */ = {
			isa = PBXVariantGroup;
			children = (
				22960B57209C98BC00960C8B /* en */,
				22960B59209C98D900960C8B /* zh-Hans */,
				22960B5A209C98E100960C8B /* zh-Hant */,
			);
			name = InfoPlist.strings;
			sourceTree = "<group>";
		};
/* End PBXVariantGroup section */

/* Begin XCBuildConfiguration section */
		2270E9011F301CD300979959 /* Debug */ = {
			isa = XCBuildConfiguration;
			buildSettings = {
				ALWAYS_SEARCH_USER_PATHS = NO;
				CLANG_ANALYZER_LOCALIZABILITY_NONLOCALIZED = YES;
				CLANG_ANALYZER_NONNULL = YES;
				CLANG_ANALYZER_NUMBER_OBJECT_CONVERSION = YES_AGGRESSIVE;
				CLANG_CXX_LANGUAGE_STANDARD = "gnu++0x";
				CLANG_CXX_LIBRARY = "libc++";
				CLANG_ENABLE_MODULES = YES;
				CLANG_ENABLE_OBJC_ARC = YES;
				CLANG_WARN_BLOCK_CAPTURE_AUTORELEASING = YES;
				CLANG_WARN_BOOL_CONVERSION = YES;
				CLANG_WARN_COMMA = YES;
				CLANG_WARN_CONSTANT_CONVERSION = YES;
				CLANG_WARN_DEPRECATED_OBJC_IMPLEMENTATIONS = YES;
				CLANG_WARN_DIRECT_OBJC_ISA_USAGE = YES_ERROR;
				CLANG_WARN_DOCUMENTATION_COMMENTS = YES;
				CLANG_WARN_EMPTY_BODY = YES;
				CLANG_WARN_ENUM_CONVERSION = YES;
				CLANG_WARN_INFINITE_RECURSION = YES;
				CLANG_WARN_INT_CONVERSION = YES;
				CLANG_WARN_NON_LITERAL_NULL_CONVERSION = YES;
				CLANG_WARN_OBJC_IMPLICIT_RETAIN_SELF = YES;
				CLANG_WARN_OBJC_LITERAL_CONVERSION = YES;
				CLANG_WARN_OBJC_ROOT_CLASS = YES_ERROR;
				CLANG_WARN_RANGE_LOOP_ANALYSIS = YES;
				CLANG_WARN_STRICT_PROTOTYPES = YES;
				CLANG_WARN_SUSPICIOUS_MOVE = YES;
				CLANG_WARN_UNREACHABLE_CODE = YES;
				CLANG_WARN__DUPLICATE_METHOD_MATCH = YES;
				"CODE_SIGN_IDENTITY[sdk=iphoneos*]" = "iPhone Developer";
				COPY_PHASE_STRIP = NO;
				DEBUG_INFORMATION_FORMAT = dwarf;
				ENABLE_STRICT_OBJC_MSGSEND = YES;
				ENABLE_TESTABILITY = YES;
				GCC_C_LANGUAGE_STANDARD = gnu99;
				GCC_DYNAMIC_NO_PIC = NO;
				GCC_NO_COMMON_BLOCKS = YES;
				GCC_OPTIMIZATION_LEVEL = 0;
				GCC_PREPROCESSOR_DEFINITIONS = (
					"DEBUG=1",
					"$(inherited)",
				);
				GCC_WARN_64_TO_32_BIT_CONVERSION = YES;
				GCC_WARN_ABOUT_RETURN_TYPE = YES_ERROR;
				GCC_WARN_UNDECLARED_SELECTOR = YES;
				GCC_WARN_UNINITIALIZED_AUTOS = YES_AGGRESSIVE;
				GCC_WARN_UNUSED_FUNCTION = YES;
				GCC_WARN_UNUSED_VARIABLE = YES;
				IPHONEOS_DEPLOYMENT_TARGET = 8.0;
				MTL_ENABLE_DEBUG_INFO = YES;
				ONLY_ACTIVE_ARCH = YES;
				SDKROOT = iphoneos;
				SWIFT_ACTIVE_COMPILATION_CONDITIONS = DEBUG;
				SWIFT_OPTIMIZATION_LEVEL = "-Onone";
				TARGETED_DEVICE_FAMILY = "1,2";
			};
			name = Debug;
		};
		2270E9021F301CD300979959 /* Release */ = {
			isa = XCBuildConfiguration;
			buildSettings = {
				ALWAYS_SEARCH_USER_PATHS = NO;
				CLANG_ANALYZER_LOCALIZABILITY_NONLOCALIZED = YES;
				CLANG_ANALYZER_NONNULL = YES;
				CLANG_ANALYZER_NUMBER_OBJECT_CONVERSION = YES_AGGRESSIVE;
				CLANG_CXX_LANGUAGE_STANDARD = "gnu++0x";
				CLANG_CXX_LIBRARY = "libc++";
				CLANG_ENABLE_MODULES = YES;
				CLANG_ENABLE_OBJC_ARC = YES;
				CLANG_WARN_BLOCK_CAPTURE_AUTORELEASING = YES;
				CLANG_WARN_BOOL_CONVERSION = YES;
				CLANG_WARN_COMMA = YES;
				CLANG_WARN_CONSTANT_CONVERSION = YES;
				CLANG_WARN_DEPRECATED_OBJC_IMPLEMENTATIONS = YES;
				CLANG_WARN_DIRECT_OBJC_ISA_USAGE = YES_ERROR;
				CLANG_WARN_DOCUMENTATION_COMMENTS = YES;
				CLANG_WARN_EMPTY_BODY = YES;
				CLANG_WARN_ENUM_CONVERSION = YES;
				CLANG_WARN_INFINITE_RECURSION = YES;
				CLANG_WARN_INT_CONVERSION = YES;
				CLANG_WARN_NON_LITERAL_NULL_CONVERSION = YES;
				CLANG_WARN_OBJC_IMPLICIT_RETAIN_SELF = YES;
				CLANG_WARN_OBJC_LITERAL_CONVERSION = YES;
				CLANG_WARN_OBJC_ROOT_CLASS = YES_ERROR;
				CLANG_WARN_RANGE_LOOP_ANALYSIS = YES;
				CLANG_WARN_STRICT_PROTOTYPES = YES;
				CLANG_WARN_SUSPICIOUS_MOVE = YES;
				CLANG_WARN_UNREACHABLE_CODE = YES;
				CLANG_WARN__DUPLICATE_METHOD_MATCH = YES;
				"CODE_SIGN_IDENTITY[sdk=iphoneos*]" = "iPhone Developer";
				COPY_PHASE_STRIP = NO;
				DEBUG_INFORMATION_FORMAT = "dwarf-with-dsym";
				ENABLE_NS_ASSERTIONS = NO;
				ENABLE_STRICT_OBJC_MSGSEND = YES;
				GCC_C_LANGUAGE_STANDARD = gnu99;
				GCC_NO_COMMON_BLOCKS = YES;
				GCC_WARN_64_TO_32_BIT_CONVERSION = YES;
				GCC_WARN_ABOUT_RETURN_TYPE = YES_ERROR;
				GCC_WARN_UNDECLARED_SELECTOR = YES;
				GCC_WARN_UNINITIALIZED_AUTOS = YES_AGGRESSIVE;
				GCC_WARN_UNUSED_FUNCTION = YES;
				GCC_WARN_UNUSED_VARIABLE = YES;
				IPHONEOS_DEPLOYMENT_TARGET = 8.0;
				MTL_ENABLE_DEBUG_INFO = NO;
				SDKROOT = iphoneos;
				SWIFT_OPTIMIZATION_LEVEL = "-Owholemodule";
				TARGETED_DEVICE_FAMILY = "1,2";
				VALIDATE_PRODUCT = YES;
			};
			name = Release;
		};
		2270E9041F301CD300979959 /* Debug */ = {
			isa = XCBuildConfiguration;
			baseConfigurationReference = 4835C135DC0FB60060F0B5EF /* Pods-JLAlarmClock.debug.xcconfig */;
			buildSettings = {
				ASSETCATALOG_COMPILER_APPICON_NAME = AppIcon_male;
				CLANG_ENABLE_MODULES = YES;
				DEVELOPMENT_TEAM = MVU5F37333;
				INFOPLIST_FILE = JLAlarmClock/Info.plist;
				IPHONEOS_DEPLOYMENT_TARGET = 8.0;
				LD_RUNPATH_SEARCH_PATHS = "$(inherited) @executable_path/Frameworks";
				PRODUCT_BUNDLE_IDENTIFIER = com.trudian.JLAlarmClock;
				PRODUCT_NAME = "$(TARGET_NAME)";
				SWIFT_OBJC_BRIDGING_HEADER = "JLAlarmClock/JLAlarmClock-Bridging-Header.h";
				SWIFT_OPTIMIZATION_LEVEL = "-Onone";
				SWIFT_SWIFT3_OBJC_INFERENCE = Default;
				SWIFT_VERSION = 4.0;
			};
			name = Debug;
		};
		2270E9051F301CD300979959 /* Release */ = {
			isa = XCBuildConfiguration;
			baseConfigurationReference = CE764E10CECF6EF14E2E3EA7 /* Pods-JLAlarmClock.release.xcconfig */;
			buildSettings = {
				ASSETCATALOG_COMPILER_APPICON_NAME = AppIcon_male;
				CLANG_ENABLE_MODULES = YES;
				DEVELOPMENT_TEAM = MVU5F37333;
				INFOPLIST_FILE = JLAlarmClock/Info.plist;
				IPHONEOS_DEPLOYMENT_TARGET = 8.0;
				LD_RUNPATH_SEARCH_PATHS = "$(inherited) @executable_path/Frameworks";
				PRODUCT_BUNDLE_IDENTIFIER = com.trudian.JLAlarmClock;
				PRODUCT_NAME = "$(TARGET_NAME)";
				SWIFT_OBJC_BRIDGING_HEADER = "JLAlarmClock/JLAlarmClock-Bridging-Header.h";
				SWIFT_SWIFT3_OBJC_INFERENCE = Default;
				SWIFT_VERSION = 4.0;
			};
			name = Release;
		};
		2270E9071F301CD300979959 /* Debug */ = {
			isa = XCBuildConfiguration;
			buildSettings = {
				ALWAYS_EMBED_SWIFT_STANDARD_LIBRARIES = YES;
				BUNDLE_LOADER = "$(TEST_HOST)";
				INFOPLIST_FILE = JLAlarmClockTests/Info.plist;
				LD_RUNPATH_SEARCH_PATHS = "$(inherited) @executable_path/Frameworks @loader_path/Frameworks";
				PRODUCT_BUNDLE_IDENTIFIER = com.jasonliu.JLAlarmClockTests;
				PRODUCT_NAME = "$(TARGET_NAME)";
				SWIFT_SWIFT3_OBJC_INFERENCE = Default;
				SWIFT_VERSION = 4.0;
				TEST_HOST = "$(BUILT_PRODUCTS_DIR)/JLAlarmClock.app/JLAlarmClock";
			};
			name = Debug;
		};
		2270E9081F301CD300979959 /* Release */ = {
			isa = XCBuildConfiguration;
			buildSettings = {
				ALWAYS_EMBED_SWIFT_STANDARD_LIBRARIES = YES;
				BUNDLE_LOADER = "$(TEST_HOST)";
				INFOPLIST_FILE = JLAlarmClockTests/Info.plist;
				LD_RUNPATH_SEARCH_PATHS = "$(inherited) @executable_path/Frameworks @loader_path/Frameworks";
				PRODUCT_BUNDLE_IDENTIFIER = com.jasonliu.JLAlarmClockTests;
				PRODUCT_NAME = "$(TARGET_NAME)";
				SWIFT_SWIFT3_OBJC_INFERENCE = Default;
				SWIFT_VERSION = 4.0;
				TEST_HOST = "$(BUILT_PRODUCTS_DIR)/JLAlarmClock.app/JLAlarmClock";
			};
			name = Release;
		};
		2270E90A1F301CD300979959 /* Debug */ = {
			isa = XCBuildConfiguration;
			buildSettings = {
				ALWAYS_EMBED_SWIFT_STANDARD_LIBRARIES = YES;
				INFOPLIST_FILE = JLAlarmClockUITests/Info.plist;
				LD_RUNPATH_SEARCH_PATHS = "$(inherited) @executable_path/Frameworks @loader_path/Frameworks";
				PRODUCT_BUNDLE_IDENTIFIER = com.jasonliu.JLAlarmClockUITests;
				PRODUCT_NAME = "$(TARGET_NAME)";
				SWIFT_SWIFT3_OBJC_INFERENCE = Default;
				SWIFT_VERSION = 4.0;
				TEST_TARGET_NAME = JLAlarmClock;
			};
			name = Debug;
		};
		2270E90B1F301CD300979959 /* Release */ = {
			isa = XCBuildConfiguration;
			buildSettings = {
				ALWAYS_EMBED_SWIFT_STANDARD_LIBRARIES = YES;
				INFOPLIST_FILE = JLAlarmClockUITests/Info.plist;
				LD_RUNPATH_SEARCH_PATHS = "$(inherited) @executable_path/Frameworks @loader_path/Frameworks";
				PRODUCT_BUNDLE_IDENTIFIER = com.jasonliu.JLAlarmClockUITests;
				PRODUCT_NAME = "$(TARGET_NAME)";
				SWIFT_SWIFT3_OBJC_INFERENCE = Default;
				SWIFT_VERSION = 4.0;
				TEST_TARGET_NAME = JLAlarmClock;
			};
			name = Release;
		};
/* End XCBuildConfiguration section */

/* Begin XCConfigurationList section */
		2270E8D41F301CD200979959 /* Build configuration list for PBXProject "JLAlarmClock" */ = {
			isa = XCConfigurationList;
			buildConfigurations = (
				2270E9011F301CD300979959 /* Debug */,
				2270E9021F301CD300979959 /* Release */,
			);
			defaultConfigurationIsVisible = 0;
			defaultConfigurationName = Release;
		};
		2270E9031F301CD300979959 /* Build configuration list for PBXNativeTarget "JLAlarmClock" */ = {
			isa = XCConfigurationList;
			buildConfigurations = (
				2270E9041F301CD300979959 /* Debug */,
				2270E9051F301CD300979959 /* Release */,
			);
			defaultConfigurationIsVisible = 0;
			defaultConfigurationName = Release;
		};
		2270E9061F301CD300979959 /* Build configuration list for PBXNativeTarget "JLAlarmClockTests" */ = {
			isa = XCConfigurationList;
			buildConfigurations = (
				2270E9071F301CD300979959 /* Debug */,
				2270E9081F301CD300979959 /* Release */,
			);
			defaultConfigurationIsVisible = 0;
			defaultConfigurationName = Release;
		};
		2270E9091F301CD300979959 /* Build configuration list for PBXNativeTarget "JLAlarmClockUITests" */ = {
			isa = XCConfigurationList;
			buildConfigurations = (
				2270E90A1F301CD300979959 /* Debug */,
				2270E90B1F301CD300979959 /* Release */,
			);
			defaultConfigurationIsVisible = 0;
			defaultConfigurationName = Release;
		};
/* End XCConfigurationList section */
	};
	rootObject = 2270E8D11F301CD200979959 /* Project object */;
}
